{
    "_readme": [
        "This file locks the dependencies of your project to a known state",
        "Read more about it at https://getcomposer.org/doc/01-basic-usage.md#installing-dependencies",
        "This file is @generated automatically"
    ],
    "content-hash": "0ecd73c14e8822b5aaef0041ead80da2",
    "packages": [
        {
            "name": "mtakeshi/mvc-framework",
            "version": "dev-main",
            "source": {
                "type": "git",
                "url": "https://github.com/maiconkamiya/MVC-Framework.git",
                "reference": "3488a226e9433963ff1ed1fed11ff2feb541a7d4"
            },
            "dist": {
                "type": "zip",
                "url": "https://api.github.com/repos/maiconkamiya/MVC-Framework/zipball/3488a226e9433963ff1ed1fed11ff2feb541a7d4",
                "reference": "3488a226e9433963ff1ed1fed11ff2feb541a7d4",
                "shasum": ""
            },
            "default-branch": true,
            "type": "library",
            "autoload": {
                "psr-4": {
                    "mvc\\": "../../../src/",
                    "criativa\\": "src/"
                }
            },
            "notification-url": "https://packagist.org/downloads/",
            "license": [
                "LGPL-3.0-or-later",
                "GPL-3.0-or-later",
                "MIT"
            ],
            "authors": [
                {
                    "name": "Maicon Takeshi Kamiya",
                    "email": "maiconkamiya@hotmail.com"
                }
            ],
            "description": "Framework baisco e simples de utilizar",
            "homepage": "https://github.com/maiconkamiya/MVC-Framework",
            "keywords": [
                "framework",
                "mvc",
                "php"
            ],
            "support": {
                "issues": "https://github.com/maiconkamiya/MVC-Framework/issues",
                "source": "https://github.com/maiconkamiya/MVC-Framework/tree/main"
            },
            "time": "2022-06-29T19:00:52+00:00"
        }
    ],
    "packages-dev": [],
    "aliases": [],
    "minimum-stability": "dev",
    "stability-flags": {
        "mtakeshi/mvc-framework": 20
    },
    "prefer-stable": false,
    "prefer-lowest": false,
    "platform": [],
    "platform-dev": [],
    "plugin-api-version": "2.3.0"
}
